// !$*UTF8*$!
{
	archiveVersion = 1;
	classes = {
	};
	objectVersion = 46;
	objects = {

/* Begin PBXBuildFile section */
		0A0D0EFFD02B410A97F863A5 /* libPods.a in Frameworks */ = {isa = PBXBuildFile; fileRef = C2CF784CBCBD25F5FDA6B567 /* libPods.a */; };
		B499FD8119F22D6C00974B37 /* main.m in Sources */ = {isa = PBXBuildFile; fileRef = B499FD8019F22D6C00974B37 /* main.m */; };
		B499FD8419F22D6C00974B37 /* AppDelegate.m in Sources */ = {isa = PBXBuildFile; fileRef = B499FD8319F22D6C00974B37 /* AppDelegate.m */; };
		B499FD8719F22D6C00974B37 /* TestSydney.xcdatamodeld in Sources */ = {isa = PBXBuildFile; fileRef = B499FD8519F22D6C00974B37 /* TestSydney.xcdatamodeld */; };
		B499FD8A19F22D6C00974B37 /* ViewController.m in Sources */ = {isa = PBXBuildFile; fileRef = B499FD8919F22D6C00974B37 /* ViewController.m */; };
		B499FD8D19F22D6C00974B37 /* Main.storyboard in Resources */ = {isa = PBXBuildFile; fileRef = B499FD8B19F22D6C00974B37 /* Main.storyboard */; };
		B499FD8F19F22D6C00974B37 /* Images.xcassets in Resources */ = {isa = PBXBuildFile; fileRef = B499FD8E19F22D6C00974B37 /* Images.xcassets */; };
		B499FD9219F22D6C00974B37 /* LaunchScreen.xib in Resources */ = {isa = PBXBuildFile; fileRef = B499FD9019F22D6C00974B37 /* LaunchScreen.xib */; };
		B499FD9E19F22D6C00974B37 /* TestSydneyTests.m in Sources */ = {isa = PBXBuildFile; fileRef = B499FD9D19F22D6C00974B37 /* TestSydneyTests.m */; };
		B499FDB019F240A400974B37 /* Bolts.framework in Frameworks */ = {isa = PBXBuildFile; fileRef = B499FDAD19F240A400974B37 /* Bolts.framework */; };
		B499FDB119F240A400974B37 /* Parse.framework in Frameworks */ = {isa = PBXBuildFile; fileRef = B499FDAE19F240A400974B37 /* Parse.framework */; };
		B499FDB219F240A400974B37 /* ParseFacebookUtils.framework in Frameworks */ = {isa = PBXBuildFile; fileRef = B499FDAF19F240A400974B37 /* ParseFacebookUtils.framework */; };
		B499FDB519F2437500974B37 /* MapViewController.m in Sources */ = {isa = PBXBuildFile; fileRef = B499FDB419F2437500974B37 /* MapViewController.m */; };
/* End PBXBuildFile section */

/* Begin PBXContainerItemProxy section */
		B499FD9819F22D6C00974B37 /* PBXContainerItemProxy */ = {
			isa = PBXContainerItemProxy;
			containerPortal = B499FD7319F22D6C00974B37 /* Project object */;
			proxyType = 1;
			remoteGlobalIDString = B499FD7A19F22D6C00974B37;
			remoteInfo = TestSydney;
		};
/* End PBXContainerItemProxy section */

/* Begin PBXFileReference section */
		4D9CD947B272A6B31FDB0801 /* Pods.debug.xcconfig */ = {isa = PBXFileReference; includeInIndex = 1; lastKnownFileType = text.xcconfig; name = Pods.debug.xcconfig; path = "Pods/Target Support Files/Pods/Pods.debug.xcconfig"; sourceTree = "<group>"; };
		6E9A1914F362A4B55EB12B13 /* Pods.release.xcconfig */ = {isa = PBXFileReference; includeInIndex = 1; lastKnownFileType = text.xcconfig; name = Pods.release.xcconfig; path = "Pods/Target Support Files/Pods/Pods.release.xcconfig"; sourceTree = "<group>"; };
		B499FD7B19F22D6C00974B37 /* TestSydney.app */ = {isa = PBXFileReference; explicitFileType = wrapper.application; includeInIndex = 0; path = TestSydney.app; sourceTree = BUILT_PRODUCTS_DIR; };
		B499FD7F19F22D6C00974B37 /* Info.plist */ = {isa = PBXFileReference; lastKnownFileType = text.plist.xml; path = Info.plist; sourceTree = "<group>"; };
		B499FD8019F22D6C00974B37 /* main.m */ = {isa = PBXFileReference; lastKnownFileType = sourcecode.c.objc; path = main.m; sourceTree = "<group>"; };
		B499FD8219F22D6C00974B37 /* AppDelegate.h */ = {isa = PBXFileReference; lastKnownFileType = sourcecode.c.h; path = AppDelegate.h; sourceTree = "<group>"; };
		B499FD8319F22D6C00974B37 /* AppDelegate.m */ = {isa = PBXFileReference; lastKnownFileType = sourcecode.c.objc; path = AppDelegate.m; sourceTree = "<group>"; };
		B499FD8619F22D6C00974B37 /* TestSydney.xcdatamodel */ = {isa = PBXFileReference; lastKnownFileType = wrapper.xcdatamodel; path = TestSydney.xcdatamodel; sourceTree = "<group>"; };
		B499FD8819F22D6C00974B37 /* ViewController.h */ = {isa = PBXFileReference; lastKnownFileType = sourcecode.c.h; path = ViewController.h; sourceTree = "<group>"; };
		B499FD8919F22D6C00974B37 /* ViewController.m */ = {isa = PBXFileReference; lastKnownFileType = sourcecode.c.objc; path = ViewController.m; sourceTree = "<group>"; };
		B499FD8C19F22D6C00974B37 /* Base */ = {isa = PBXFileReference; lastKnownFileType = file.storyboard; name = Base; path = Base.lproj/Main.storyboard; sourceTree = "<group>"; };
		B499FD8E19F22D6C00974B37 /* Images.xcassets */ = {isa = PBXFileReference; lastKnownFileType = folder.assetcatalog; path = Images.xcassets; sourceTree = "<group>"; };
		B499FD9119F22D6C00974B37 /* Base */ = {isa = PBXFileReference; lastKnownFileType = file.xib; name = Base; path = Base.lproj/LaunchScreen.xib; sourceTree = "<group>"; };
		B499FD9719F22D6C00974B37 /* TestSydneyTests.xctest */ = {isa = PBXFileReference; explicitFileType = wrapper.cfbundle; includeInIndex = 0; path = TestSydneyTests.xctest; sourceTree = BUILT_PRODUCTS_DIR; };
		B499FD9C19F22D6C00974B37 /* Info.plist */ = {isa = PBXFileReference; lastKnownFileType = text.plist.xml; path = Info.plist; sourceTree = "<group>"; };
		B499FD9D19F22D6C00974B37 /* TestSydneyTests.m */ = {isa = PBXFileReference; lastKnownFileType = sourcecode.c.objc; path = TestSydneyTests.m; sourceTree = "<group>"; };
		B499FDAD19F240A400974B37 /* Bolts.framework */ = {isa = PBXFileReference; lastKnownFileType = wrapper.framework; path = Bolts.framework; sourceTree = "<group>"; };
		B499FDAE19F240A400974B37 /* Parse.framework */ = {isa = PBXFileReference; lastKnownFileType = wrapper.framework; path = Parse.framework; sourceTree = "<group>"; };
		B499FDAF19F240A400974B37 /* ParseFacebookUtils.framework */ = {isa = PBXFileReference; lastKnownFileType = wrapper.framework; path = ParseFacebookUtils.framework; sourceTree = "<group>"; };
		B499FDB319F2437500974B37 /* MapViewController.h */ = {isa = PBXFileReference; fileEncoding = 4; lastKnownFileType = sourcecode.c.h; path = MapViewController.h; sourceTree = "<group>"; };
		B499FDB419F2437500974B37 /* MapViewController.m */ = {isa = PBXFileReference; fileEncoding = 4; lastKnownFileType = sourcecode.c.objc; path = MapViewController.m; sourceTree = "<group>"; };
		C2CF784CBCBD25F5FDA6B567 /* libPods.a */ = {isa = PBXFileReference; explicitFileType = archive.ar; includeInIndex = 0; path = libPods.a; sourceTree = BUILT_PRODUCTS_DIR; };
/* End PBXFileReference section */

/* Begin PBXFrameworksBuildPhase section */
		B499FD7819F22D6C00974B37 /* Frameworks */ = {
			isa = PBXFrameworksBuildPhase;
			buildActionMask = 2147483647;
			files = (
				0A0D0EFFD02B410A97F863A5 /* libPods.a in Frameworks */,
				B499FDB119F240A400974B37 /* Parse.framework in Frameworks */,
				B499FDB219F240A400974B37 /* ParseFacebookUtils.framework in Frameworks */,
				B499FDB019F240A400974B37 /* Bolts.framework in Frameworks */,
			);
			runOnlyForDeploymentPostprocessing = 0;
		};
		B499FD9419F22D6C00974B37 /* Frameworks */ = {
			isa = PBXFrameworksBuildPhase;
			buildActionMask = 2147483647;
			files = (
			);
			runOnlyForDeploymentPostprocessing = 0;
		};
/* End PBXFrameworksBuildPhase section */

/* Begin PBXGroup section */
		88D616CBBD88908B9D28BB56 /* Frameworks */ = {
			isa = PBXGroup;
			children = (
				C2CF784CBCBD25F5FDA6B567 /* libPods.a */,
			);
			name = Frameworks;
			sourceTree = "<group>";
		};
		B499FD7219F22D6C00974B37 = {
			isa = PBXGroup;
			children = (
				B499FD7D19F22D6C00974B37 /* TestSydney */,
				B499FD9A19F22D6C00974B37 /* TestSydneyTests */,
				B499FD7C19F22D6C00974B37 /* Products */,
				C883B5D97CE31CD9C4EBC47B /* Pods */,
				88D616CBBD88908B9D28BB56 /* Frameworks */,
			);
			sourceTree = "<group>";
		};
		B499FD7C19F22D6C00974B37 /* Products */ = {
			isa = PBXGroup;
			children = (
				B499FD7B19F22D6C00974B37 /* TestSydney.app */,
				B499FD9719F22D6C00974B37 /* TestSydneyTests.xctest */,
			);
			name = Products;
			sourceTree = "<group>";
		};
		B499FD7D19F22D6C00974B37 /* TestSydney */ = {
			isa = PBXGroup;
			children = (
				B499FDAB19F2407E00974B37 /* Dependency */,
				B499FDA719F2403500974B37 /* Class */,
				B499FD8219F22D6C00974B37 /* AppDelegate.h */,
				B499FD8319F22D6C00974B37 /* AppDelegate.m */,
				B499FD8819F22D6C00974B37 /* ViewController.h */,
				B499FD8919F22D6C00974B37 /* ViewController.m */,
				B499FD8B19F22D6C00974B37 /* Main.storyboard */,
				B499FD8E19F22D6C00974B37 /* Images.xcassets */,
				B499FD9019F22D6C00974B37 /* LaunchScreen.xib */,
				B499FD8519F22D6C00974B37 /* TestSydney.xcdatamodeld */,
				B499FD7E19F22D6C00974B37 /* Supporting Files */,
			);
			path = TestSydney;
			sourceTree = "<group>";
		};
		B499FD7E19F22D6C00974B37 /* Supporting Files */ = {
			isa = PBXGroup;
			children = (
				B499FD7F19F22D6C00974B37 /* Info.plist */,
				B499FD8019F22D6C00974B37 /* main.m */,
			);
			name = "Supporting Files";
			sourceTree = "<group>";
		};
		B499FD9A19F22D6C00974B37 /* TestSydneyTests */ = {
			isa = PBXGroup;
			children = (
				B499FD9D19F22D6C00974B37 /* TestSydneyTests.m */,
				B499FD9B19F22D6C00974B37 /* Supporting Files */,
			);
			path = TestSydneyTests;
			sourceTree = "<group>";
		};
		B499FD9B19F22D6C00974B37 /* Supporting Files */ = {
			isa = PBXGroup;
			children = (
				B499FD9C19F22D6C00974B37 /* Info.plist */,
			);
			name = "Supporting Files";
			sourceTree = "<group>";
		};
		B499FDA719F2403500974B37 /* Class */ = {
			isa = PBXGroup;
			children = (
				B499FDA819F2403500974B37 /* Model */,
				B499FDA919F2403500974B37 /* Views */,
				B499FDAA19F2403500974B37 /* Controllers */,
			);
			path = Class;
			sourceTree = "<group>";
		};
		B499FDA819F2403500974B37 /* Model */ = {
			isa = PBXGroup;
			children = (
			);
			path = Model;
			sourceTree = "<group>";
		};
		B499FDA919F2403500974B37 /* Views */ = {
			isa = PBXGroup;
			children = (
			);
			name = Views;
			path = View;
			sourceTree = "<group>";
		};
		B499FDAA19F2403500974B37 /* Controllers */ = {
			isa = PBXGroup;
			children = (
				B499FDB319F2437500974B37 /* MapViewController.h */,
				B499FDB419F2437500974B37 /* MapViewController.m */,
			);
			name = Controllers;
			path = ViewControllers;
			sourceTree = "<group>";
		};
		B499FDAB19F2407E00974B37 /* Dependency */ = {
			isa = PBXGroup;
			children = (
				B499FDAC19F240A400974B37 /* Parse */,
			);
			path = Dependency;
			sourceTree = "<group>";
		};
		B499FDAC19F240A400974B37 /* Parse */ = {
			isa = PBXGroup;
			children = (
				B499FDAD19F240A400974B37 /* Bolts.framework */,
				B499FDAE19F240A400974B37 /* Parse.framework */,
				B499FDAF19F240A400974B37 /* ParseFacebookUtils.framework */,
			);
			name = Parse;
			path = "parse-library-1.4.2";
			sourceTree = "<group>";
		};
		C883B5D97CE31CD9C4EBC47B /* Pods */ = {
			isa = PBXGroup;
			children = (
				4D9CD947B272A6B31FDB0801 /* Pods.debug.xcconfig */,
				6E9A1914F362A4B55EB12B13 /* Pods.release.xcconfig */,
			);
			name = Pods;
			sourceTree = "<group>";
		};
/* End PBXGroup section */

/* Begin PBXNativeTarget section */
		B499FD7A19F22D6C00974B37 /* TestSydney */ = {
			isa = PBXNativeTarget;
			buildConfigurationList = B499FDA119F22D6C00974B37 /* Build configuration list for PBXNativeTarget "TestSydney" */;
			buildPhases = (
				840B3F97CA0B65F3417E4179 /* Check Pods Manifest.lock */,
				B499FD7719F22D6C00974B37 /* Sources */,
				B499FD7819F22D6C00974B37 /* Frameworks */,
				B499FD7919F22D6C00974B37 /* Resources */,
				0F4D48EA75AB4F447EF500EA /* Copy Pods Resources */,
			);
			buildRules = (
			);
			dependencies = (
			);
			name = TestSydney;
			productName = TestSydney;
			productReference = B499FD7B19F22D6C00974B37 /* TestSydney.app */;
			productType = "com.apple.product-type.application";
		};
		B499FD9619F22D6C00974B37 /* TestSydneyTests */ = {
			isa = PBXNativeTarget;
			buildConfigurationList = B499FDA419F22D6C00974B37 /* Build configuration list for PBXNativeTarget "TestSydneyTests" */;
			buildPhases = (
				B499FD9319F22D6C00974B37 /* Sources */,
				B499FD9419F22D6C00974B37 /* Frameworks */,
				B499FD9519F22D6C00974B37 /* Resources */,
			);
			buildRules = (
			);
			dependencies = (
				B499FD9919F22D6C00974B37 /* PBXTargetDependency */,
			);
			name = TestSydneyTests;
			productName = TestSydneyTests;
			productReference = B499FD9719F22D6C00974B37 /* TestSydneyTests.xctest */;
			productType = "com.apple.product-type.bundle.unit-test";
		};
/* End PBXNativeTarget section */

/* Begin PBXProject section */
		B499FD7319F22D6C00974B37 /* Project object */ = {
			isa = PBXProject;
			attributes = {
				LastUpgradeCheck = 0600;
				ORGANIZATIONNAME = kodebinario;
				TargetAttributes = {
					B499FD7A19F22D6C00974B37 = {
						CreatedOnToolsVersion = 6.0.1;
					};
					B499FD9619F22D6C00974B37 = {
						CreatedOnToolsVersion = 6.0.1;
						TestTargetID = B499FD7A19F22D6C00974B37;
					};
				};
			};
			buildConfigurationList = B499FD7619F22D6C00974B37 /* Build configuration list for PBXProject "TestSydney" */;
			compatibilityVersion = "Xcode 3.2";
			developmentRegion = English;
			hasScannedForEncodings = 0;
			knownRegions = (
				en,
				Base,
			);
			mainGroup = B499FD7219F22D6C00974B37;
			productRefGroup = B499FD7C19F22D6C00974B37 /* Products */;
			projectDirPath = "";
			projectRoot = "";
			targets = (
				B499FD7A19F22D6C00974B37 /* TestSydney */,
				B499FD9619F22D6C00974B37 /* TestSydneyTests */,
			);
		};
/* End PBXProject section */

/* Begin PBXResourcesBuildPhase section */
		B499FD7919F22D6C00974B37 /* Resources */ = {
			isa = PBXResourcesBuildPhase;
			buildActionMask = 2147483647;
			files = (
				B499FD8D19F22D6C00974B37 /* Main.storyboard in Resources */,
				B499FD9219F22D6C00974B37 /* LaunchScreen.xib in Resources */,
				B499FD8F19F22D6C00974B37 /* Images.xcassets in Resources */,
			);
			runOnlyForDeploymentPostprocessing = 0;
		};
		B499FD9519F22D6C00974B37 /* Resources */ = {
			isa = PBXResourcesBuildPhase;
			buildActionMask = 2147483647;
			files = (
			);
			runOnlyForDeploymentPostprocessing = 0;
		};
/* End PBXResourcesBuildPhase section */

/* Begin PBXShellScriptBuildPhase section */
		0F4D48EA75AB4F447EF500EA /* Copy Pods Resources */ = {
			isa = PBXShellScriptBuildPhase;
			buildActionMask = 2147483647;
			files = (
			);
			inputPaths = (
			);
			name = "Copy Pods Resources";
			outputPaths = (
			);
			runOnlyForDeploymentPostprocessing = 0;
			shellPath = /bin/sh;
			shellScript = "\"${SRCROOT}/Pods/Target Support Files/Pods/Pods-resources.sh\"\n";
			showEnvVarsInLog = 0;
		};
		840B3F97CA0B65F3417E4179 /* Check Pods Manifest.lock */ = {
			isa = PBXShellScriptBuildPhase;
			buildActionMask = 2147483647;
			files = (
			);
			inputPaths = (
			);
			name = "Check Pods Manifest.lock";
			outputPaths = (
			);
			runOnlyForDeploymentPostprocessing = 0;
			shellPath = /bin/sh;
			shellScript = "diff \"${PODS_ROOT}/../Podfile.lock\" \"${PODS_ROOT}/Manifest.lock\" > /dev/null\nif [[ $? != 0 ]] ; then\n    cat << EOM\nerror: The sandbox is not in sync with the Podfile.lock. Run 'pod install' or update your CocoaPods installation.\nEOM\n    exit 1\nfi\n";
			showEnvVarsInLog = 0;
		};
/* End PBXShellScriptBuildPhase section */

/* Begin PBXSourcesBuildPhase section */
		B499FD7719F22D6C00974B37 /* Sources */ = {
			isa = PBXSourcesBuildPhase;
			buildActionMask = 2147483647;
			files = (
				B499FD8419F22D6C00974B37 /* AppDelegate.m in Sources */,
				B499FD8719F22D6C00974B37 /* TestSydney.xcdatamodeld in Sources */,
				B499FDB519F2437500974B37 /* MapViewController.m in Sources */,
				B499FD8A19F22D6C00974B37 /* ViewController.m in Sources */,
				B499FD8119F22D6C00974B37 /* main.m in Sources */,
			);
			runOnlyForDeploymentPostprocessing = 0;
		};
		B499FD9319F22D6C00974B37 /* Sources */ = {
			isa = PBXSourcesBuildPhase;
			buildActionMask = 2147483647;
			files = (
				B499FD9E19F22D6C00974B37 /* TestSydneyTests.m in Sources */,
			);
			runOnlyForDeploymentPostprocessing = 0;
		};
/* End PBXSourcesBuildPhase section */

/* Begin PBXTargetDependency section */
		B499FD9919F22D6C00974B37 /* PBXTargetDependency */ = {
			isa = PBXTargetDependency;
			target = B499FD7A19F22D6C00974B37 /* TestSydney */;
			targetProxy = B499FD9819F22D6C00974B37 /* PBXContainerItemProxy */;
		};
/* End PBXTargetDependency section */

/* Begin PBXVariantGroup section */
		B499FD8B19F22D6C00974B37 /* Main.storyboard */ = {
			isa = PBXVariantGroup;
			children = (
				B499FD8C19F22D6C00974B37 /* Base */,
			);
			name = Main.storyboard;
			sourceTree = "<group>";
		};
		B499FD9019F22D6C00974B37 /* LaunchScreen.xib */ = {
			isa = PBXVariantGroup;
			children = (
				B499FD9119F22D6C00974B37 /* Base */,
			);
			name = LaunchScreen.xib;
			sourceTree = "<group>";
		};
/* End PBXVariantGroup section */

/* Begin XCBuildConfiguration section */
		B499FD9F19F22D6C00974B37 /* Debug */ = {
			isa = XCBuildConfiguration;
			buildSettings = {
				ALWAYS_SEARCH_USER_PATHS = NO;
				CLANG_CXX_LANGUAGE_STANDARD = "gnu++0x";
				CLANG_CXX_LIBRARY = "libc++";
				CLANG_ENABLE_MODULES = YES;
				CLANG_ENABLE_OBJC_ARC = YES;
				CLANG_WARN_BOOL_CONVERSION = YES;
				CLANG_WARN_CONSTANT_CONVERSION = YES;
				CLANG_WARN_DIRECT_OBJC_ISA_USAGE = YES_ERROR;
				CLANG_WARN_EMPTY_BODY = YES;
				CLANG_WARN_ENUM_CONVERSION = YES;
				CLANG_WARN_INT_CONVERSION = YES;
				CLANG_WARN_OBJC_ROOT_CLASS = YES_ERROR;
				CLANG_WARN_UNREACHABLE_CODE = YES;
				CLANG_WARN__DUPLICATE_METHOD_MATCH = YES;
				"CODE_SIGN_IDENTITY[sdk=iphoneos*]" = "iPhone Developer";
				COPY_PHASE_STRIP = NO;
				ENABLE_STRICT_OBJC_MSGSEND = YES;
				GCC_C_LANGUAGE_STANDARD = gnu99;
				GCC_DYNAMIC_NO_PIC = NO;
				GCC_OPTIMIZATION_LEVEL = 0;
				GCC_PREPROCESSOR_DEFINITIONS = (
					"DEBUG=1",
					"$(inherited)",
				);
				GCC_SYMBOLS_PRIVATE_EXTERN = NO;
				GCC_WARN_64_TO_32_BIT_CONVERSION = YES;
				GCC_WARN_ABOUT_RETURN_TYPE = YES_ERROR;
				GCC_WARN_UNDECLARED_SELECTOR = YES;
				GCC_WARN_UNINITIALIZED_AUTOS = YES_AGGRESSIVE;
				GCC_WARN_UNUSED_FUNCTION = YES;
				GCC_WARN_UNUSED_VARIABLE = YES;
				IPHONEOS_DEPLOYMENT_TARGET = 8.0;
				MTL_ENABLE_DEBUG_INFO = YES;
				ONLY_ACTIVE_ARCH = YES;
				SDKROOT = iphoneos;
			};
			name = Debug;
		};
		B499FDA019F22D6C00974B37 /* Release */ = {
			isa = XCBuildConfiguration;
			buildSettings = {
				ALWAYS_SEARCH_USER_PATHS = NO;
				CLANG_CXX_LANGUAGE_STANDARD = "gnu++0x";
				CLANG_CXX_LIBRARY = "libc++";
				CLANG_ENABLE_MODULES = YES;
				CLANG_ENABLE_OBJC_ARC = YES;
				CLANG_WARN_BOOL_CONVERSION = YES;
				CLANG_WARN_CONSTANT_CONVERSION = YES;
				CLANG_WARN_DIRECT_OBJC_ISA_USAGE = YES_ERROR;
				CLANG_WARN_EMPTY_BODY = YES;
				CLANG_WARN_ENUM_CONVERSION = YES;
				CLANG_WARN_INT_CONVERSION = YES;
				CLANG_WARN_OBJC_ROOT_CLASS = YES_ERROR;
				CLANG_WARN_UNREACHABLE_CODE = YES;
				CLANG_WARN__DUPLICATE_METHOD_MATCH = YES;
				"CODE_SIGN_IDENTITY[sdk=iphoneos*]" = "iPhone Developer";
				COPY_PHASE_STRIP = YES;
				ENABLE_NS_ASSERTIONS = NO;
				ENABLE_STRICT_OBJC_MSGSEND = YES;
				GCC_C_LANGUAGE_STANDARD = gnu99;
				GCC_WARN_64_TO_32_BIT_CONVERSION = YES;
				GCC_WARN_ABOUT_RETURN_TYPE = YES_ERROR;
				GCC_WARN_UNDECLARED_SELECTOR = YES;
				GCC_WARN_UNINITIALIZED_AUTOS = YES_AGGRESSIVE;
				GCC_WARN_UNUSED_FUNCTION = YES;
				GCC_WARN_UNUSED_VARIABLE = YES;
				IPHONEOS_DEPLOYMENT_TARGET = 8.0;
				MTL_ENABLE_DEBUG_INFO = NO;
				SDKROOT = iphoneos;
				VALIDATE_PRODUCT = YES;
			};
			name = Release;
		};
		B499FDA219F22D6C00974B37 /* Debug */ = {
			isa = XCBuildConfiguration;
			baseConfigurationReference = 4D9CD947B272A6B31FDB0801 /* Pods.debug.xcconfig */;
			buildSettings = {
				ASSETCATALOG_COMPILER_APPICON_NAME = AppIcon;
				FRAMEWORK_SEARCH_PATHS = (
					"$(inherited)",
					"$(PROJECT_DIR)/TestSydney/Dependency/parse-library-1.4.2",
				);
				INFOPLIST_FILE = TestSydney/Info.plist;
				LD_RUNPATH_SEARCH_PATHS = "$(inherited) @executable_path/Frameworks";
				PRODUCT_NAME = "$(TARGET_NAME)";
			};
			name = Debug;
		};
		B499FDA319F22D6C00974B37 /* Release */ = {
			isa = XCBuildConfiguration;
			baseConfigurationReference = 6E9A1914F362A4B55EB12B13 /* Pods.release.xcconfig */;
			buildSettings = {
				ASSETCATALOG_COMPILER_APPICON_NAME = AppIcon;
				FRAMEWORK_SEARCH_PATHS = (
					"$(inherited)",
					"$(PROJECT_DIR)/TestSydney/Dependency/parse-library-1.4.2",
				);
				INFOPLIST_FILE = TestSydney/Info.plist;
				LD_RUNPATH_SEARCH_PATHS = "$(inherited) @executable_path/Frameworks";
				PRODUCT_NAME = "$(TARGET_NAME)";
			};
			name = Release;
		};
		B499FDA519F22D6C00974B37 /* Debug */ = {
			isa = XCBuildConfiguration;
			buildSettings = {
				BUNDLE_LOADER = "$(TEST_HOST)";
				FRAMEWORK_SEARCH_PATHS = (
					"$(SDKROOT)/Developer/Library/Frameworks",
					"$(inherited)",
				);
				GCC_PREPROCESSOR_DEFINITIONS = (
					"DEBUG=1",
					"$(inherited)",
				);
				INFOPLIST_FILE = TestSydneyTests/Info.plist;
				LD_RUNPATH_SEARCH_PATHS = "$(inherited) @executable_path/Frameworks @loader_path/Frameworks";
				PRODUCT_NAME = "$(TARGET_NAME)";
				TEST_HOST = "$(BUILT_PRODUCTS_DIR)/TestSydney.app/TestSydney";
			};
			name = Debug;
		};
		B499FDA619F22D6C00974B37 /* Release */ = {
			isa = XCBuildConfiguration;
			buildSettings = {
				BUNDLE_LOADER = "$(TEST_HOST)";
				FRAMEWORK_SEARCH_PATHS = (
					"$(SDKROOT)/Developer/Library/Frameworks",
					"$(inherited)",
				);
				INFOPLIST_FILE = TestSydneyTests/Info.plist;
				LD_RUNPATH_SEARCH_PATHS = "$(inherited) @executable_path/Frameworks @loader_path/Frameworks";
				PRODUCT_NAME = "$(TARGET_NAME)";
				TEST_HOST = "$(BUILT_PRODUCTS_DIR)/TestSydney.app/TestSydney";
			};
			name = Release;
		};
/* End XCBuildConfiguration section */

/* Begin XCConfigurationList section */
		B499FD7619F22D6C00974B37 /* Build configuration list for PBXProject "TestSydney" */ = {
			isa = XCConfigurationList;
			buildConfigurations = (
				B499FD9F19F22D6C00974B37 /* Debug */,
				B499FDA019F22D6C00974B37 /* Release */,
			);
			defaultConfigurationIsVisible = 0;
			defaultConfigurationName = Release;
		};
		B499FDA119F22D6C00974B37 /* Build configuration list for PBXNativeTarget "TestSydney" */ = {
			isa = XCConfigurationList;
			buildConfigurations = (
				B499FDA219F22D6C00974B37 /* Debug */,
				B499FDA319F22D6C00974B37 /* Release */,
			);
			defaultConfigurationIsVisible = 0;
			defaultConfigurationName = Release;
		};
		B499FDA419F22D6C00974B37 /* Build configuration list for PBXNativeTarget "TestSydneyTests" */ = {
			isa = XCConfigurationList;
			buildConfigurations = (
				B499FDA519F22D6C00974B37 /* Debug */,
				B499FDA619F22D6C00974B37 /* Release */,
			);
			defaultConfigurationIsVisible = 0;
			defaultConfigurationName = Release;
		};
/* End XCConfigurationList section */

/* Begin XCVersionGroup section */
		B499FD8519F22D6C00974B37 /* TestSydney.xcdatamodeld */ = {
			isa = XCVersionGroup;
			children = (
				B499FD8619F22D6C00974B37 /* TestSydney.xcdatamodel */,
			);
			currentVersion = B499FD8619F22D6C00974B37 /* TestSydney.xcdatamodel */;
			path = TestSydney.xcdatamodeld;
			sourceTree = "<group>";
			versionGroupType = wrapper.xcdatamodel;
		};
/* End XCVersionGroup section */
	};
	rootObject = B499FD7319F22D6C00974B37 /* Project object */;
}
